
Microsoft Visual Studio Solution File, Format Version 12.00
# Visual Studio Version 17
VisualStudioVersion = 17.0.31903.59
MinimumVisualStudioVersion = 10.0.40219.1
Project("{2150E333-8FDC-42A3-9474-1A3956D46DE8}") = "src", "src", "{50B6CC86-70A4-46F6-BCFD-A9A8264B548A}"
EndProject
Project("{FAE04EC0-301F-11D3-BF4B-00C04F79EFBC}") = "Aphrodite.Airlines.API", "src\Aphrodite.Airlines.API\Aphrodite.Airlines.API.csproj", "{CDF59AC2-B2A9-4761-8CF2-7B12943954A1}"
EndProject
Project("{FAE04EC0-301F-11D3-BF4B-00C04F79EFBC}") = "Aphrodite.Airlines.Application", "src\Aphrodite.Airlines.Application\Aphrodite.Airlines.Application.csproj", "{9ABB9321-667C-43BA-92D4-227A7AAACF0F}"
EndProject
Project("{FAE04EC0-301F-11D3-BF4B-00C04F79EFBC}") = "Aphrodite.Airlines.Domain", "src\Aphrodite.Airlines.Domain\Aphrodite.Airlines.Domain.csproj", "{4A78D288-A777-468D-B87E-02C554D0DFA1}"
EndProject
Global
	GlobalSection(SolutionConfigurationPlatforms) = preSolution
		Debug|Any CPU = Debug|Any CPU
		Release|Any CPU = Release|Any CPU
	EndGlobalSection
	GlobalSection(SolutionProperties) = preSolution
		HideSolutionNode = FALSE
	EndGlobalSection
	GlobalSection(ProjectConfigurationPlatforms) = postSolution
		{CDF59AC2-B2A9-4761-8CF2-7B12943954A1}.Debug|Any CPU.ActiveCfg = Debug|Any CPU
		{CDF59AC2-B2A9-4761-8CF2-7B12943954A1}.Debug|Any CPU.Build.0 = Debug|Any CPU
		{CDF59AC2-B2A9-4761-8CF2-7B12943954A1}.Release|Any CPU.ActiveCfg = Release|Any CPU
		{CDF59AC2-B2A9-4761-8CF2-7B12943954A1}.Release|Any CPU.Build.0 = Release|Any CPU
		{9ABB9321-667C-43BA-92D4-227A7AAACF0F}.Debug|Any CPU.ActiveCfg = Debug|Any CPU
		{9ABB9321-667C-43BA-92D4-227A7AAACF0F}.Debug|Any CPU.Build.0 = Debug|Any CPU
		{9ABB9321-667C-43BA-92D4-227A7AAACF0F}.Release|Any CPU.ActiveCfg = Release|Any CPU
		{9ABB9321-667C-43BA-92D4-227A7AAACF0F}.Release|Any CPU.Build.0 = Release|Any CPU
		{4A78D288-A777-468D-B87E-02C554D0DFA1}.Debug|Any CPU.ActiveCfg = Debug|Any CPU
		{4A78D288-A777-468D-B87E-02C554D0DFA1}.Debug|Any CPU.Build.0 = Debug|Any CPU
		{4A78D288-A777-468D-B87E-02C554D0DFA1}.Release|Any CPU.ActiveCfg = Release|Any CPU
		{4A78D288-A777-468D-B87E-02C554D0DFA1}.Release|Any CPU.Build.0 = Release|Any CPU
	EndGlobalSection
	GlobalSection(NestedProjects) = preSolution
		{CDF59AC2-B2A9-4761-8CF2-7B12943954A1} = {50B6CC86-70A4-46F6-BCFD-A9A8264B548A}
		{9ABB9321-667C-43BA-92D4-227A7AAACF0F} = {50B6CC86-70A4-46F6-BCFD-A9A8264B548A}
		{4A78D288-A777-468D-B87E-02C554D0DFA1} = {50B6CC86-70A4-46F6-BCFD-A9A8264B548A}
	EndGlobalSection
EndGlobal
